Microsoft Visual Studio Solution File, Format Version 12.00
# Visual Studio Version 17
VisualStudioVersion = 17.5.2.0
MinimumVisualStudioVersion = 10.0.40219.1
Project("{FAE04EC0-301F-11D3-BF4B-00C04F79EFBC}") = "FilmLog", "FilmLog.csproj", "{36FBBEE5-54E2-EE59-1447-C7ABCCBBCB63}"
EndProject
Global
	GlobalSection(SolutionConfigurationPlatforms) = preSolution
		Debug|Any CPU = Debug|Any CPU
		Release|Any CPU = Release|Any CPU
	EndGlobalSection
	GlobalSection(ProjectConfigurationPlatforms) = postSolution
		{36FBBEE5-54E2-EE59-1447-C7ABCCBBCB63}.Debug|Any CPU.ActiveCfg = Debug|Any CPU
		{36FBBEE5-54E2-EE59-1447-C7ABCCBBCB63}.Debug|Any CPU.Build.0 = Debug|Any CPU
		{36FBBEE5-54E2-EE59-1447-C7ABCCBBCB63}.Release|Any CPU.ActiveCfg = Release|Any CPU
		{36FBBEE5-54E2-EE59-1447-C7ABCCBBCB63}.Release|Any CPU.Build.0 = Release|Any CPU
	EndGlobalSection
	GlobalSection(SolutionProperties) = preSolution
		HideSolutionNode = FALSE
	EndGlobalSection
	GlobalSection(ExtensibilityGlobals) = postSolution
		SolutionGuid = {2067EC58-97EF-4F83-857A-084D363D9D58}
	EndGlobalSection
EndGlobal
